
Microsoft Visual Studio Solution File, Format Version 12.00
# Visual Studio Version 17
VisualStudioVersion = 17.8.34330.188
MinimumVisualStudioVersion = 10.0.40219.1
Project("{9A19103F-16F7-4668-BE54-9A1E7A4F7556}") = "BlazroTicTacToe", "BlazroTicTacToe.csproj", "{269D44C9-0E68-438C-BCA9-ED61547A9479}"
EndProject
Project("{9A19103F-16F7-4668-BE54-9A1E7A4F7556}") = "BlazorTicTacToe.Test", "..\BlazorTicTacToe.Test\BlazorTicTacToe.Test.csproj", "{9FEE24C1-AC51-45B6-8DB8-C34C869D9CB1}"
EndProject
Global
	GlobalSection(SolutionConfigurationPlatforms) = preSolution
		Debug|Any CPU = Debug|Any CPU
		Release|Any CPU = Release|Any CPU
	EndGlobalSection
	GlobalSection(ProjectConfigurationPlatforms) = postSolution
		{269D44C9-0E68-438C-BCA9-ED61547A9479}.Debug|Any CPU.ActiveCfg = Debug|Any CPU
		{269D44C9-0E68-438C-BCA9-ED61547A9479}.Debug|Any CPU.Build.0 = Debug|Any CPU
		{269D44C9-0E68-438C-BCA9-ED61547A9479}.Release|Any CPU.ActiveCfg = Release|Any CPU
		{269D44C9-0E68-438C-BCA9-ED61547A9479}.Release|Any CPU.Build.0 = Release|Any CPU
		{9FEE24C1-AC51-45B6-8DB8-C34C869D9CB1}.Debug|Any CPU.ActiveCfg = Debug|Any CPU
		{9FEE24C1-AC51-45B6-8DB8-C34C869D9CB1}.Debug|Any CPU.Build.0 = Debug|Any CPU
		{9FEE24C1-AC51-45B6-8DB8-C34C869D9CB1}.Release|Any CPU.ActiveCfg = Release|Any CPU
		{9FEE24C1-AC51-45B6-8DB8-C34C869D9CB1}.Release|Any CPU.Build.0 = Release|Any CPU
	EndGlobalSection
	GlobalSection(SolutionProperties) = preSolution
		HideSolutionNode = FALSE
	EndGlobalSection
	GlobalSection(ExtensibilityGlobals) = postSolution
		SolutionGuid = {D6D45E18-A43A-492E-B799-B1B8F50F2FF7}
	EndGlobalSection
EndGlobal
